
Microsoft Visual Studio Solution File, Format Version 12.00
# Visual Studio Version 16
VisualStudioVersion = 16.0.31313.79
MinimumVisualStudioVersion = 10.0.40219.1
Project("{FAE04EC0-301F-11D3-BF4B-00C04F79EFBC}") = "X_Forms.UWP", "X_Forms\X_Forms.UWP\X_Forms.UWP.csproj", "{48621F32-F3BD-4A47-ADB8-1CBD1761E70D}"
EndProject
Project("{FAE04EC0-301F-11D3-BF4B-00C04F79EFBC}") = "X_Forms.Android", "X_Forms\X_Forms.Android\X_Forms.Android.csproj", "{8F3D0A93-139A-4B14-A2E2-814CF771D77F}"
EndProject
Project("{FAE04EC0-301F-11D3-BF4B-00C04F79EFBC}") = "X_Forms.iOS", "X_Forms\X_Forms.iOS\X_Forms.iOS.csproj", "{4B808EE6-5D80-45B7-8041-F42108F31389}"
EndProject
Project("{9A19103F-16F7-4668-BE54-9A1E7A4F7556}") = "X_Forms", "X_Forms\X_Forms\X_Forms.csproj", "{2514E84E-6370-4AEE-A902-579C578E986C}"
EndProject
Global
	GlobalSection(SolutionConfigurationPlatforms) = preSolution
		Debug|Any CPU = Debug|Any CPU
		Debug|ARM = Debug|ARM
		Debug|iPhone = Debug|iPhone
		Debug|iPhoneSimulator = Debug|iPhoneSimulator
		Debug|x64 = Debug|x64
		Debug|x86 = Debug|x86
		Release|Any CPU = Release|Any CPU
		Release|ARM = Release|ARM
		Release|iPhone = Release|iPhone
		Release|iPhoneSimulator = Release|iPhoneSimulator
		Release|x64 = Release|x64
		Release|x86 = Release|x86
	EndGlobalSection
	GlobalSection(ProjectConfigurationPlatforms) = postSolution
		{48621F32-F3BD-4A47-ADB8-1CBD1761E70D}.Debug|Any CPU.ActiveCfg = Debug|x86
		{48621F32-F3BD-4A47-ADB8-1CBD1761E70D}.Debug|Any CPU.Build.0 = Debug|x86
		{48621F32-F3BD-4A47-ADB8-1CBD1761E70D}.Debug|Any CPU.Deploy.0 = Debug|x86
		{48621F32-F3BD-4A47-ADB8-1CBD1761E70D}.Debug|ARM.ActiveCfg = Debug|ARM
		{48621F32-F3BD-4A47-ADB8-1CBD1761E70D}.Debug|ARM.Build.0 = Debug|ARM
		{48621F32-F3BD-4A47-ADB8-1CBD1761E70D}.Debug|ARM.Deploy.0 = Debug|ARM
		{48621F32-F3BD-4A47-ADB8-1CBD1761E70D}.Debug|iPhone.ActiveCfg = Debug|x86
		{48621F32-F3BD-4A47-ADB8-1CBD1761E70D}.Debug|iPhone.Build.0 = Debug|x86
		{48621F32-F3BD-4A47-ADB8-1CBD1761E70D}.Debug|iPhone.Deploy.0 = Debug|x86
		{48621F32-F3BD-4A47-ADB8-1CBD1761E70D}.Debug|iPhoneSimulator.ActiveCfg = Debug|x86
		{48621F32-F3BD-4A47-ADB8-1CBD1761E70D}.Debug|iPhoneSimulator.Build.0 = Debug|x86
		{48621F32-F3BD-4A47-ADB8-1CBD1761E70D}.Debug|iPhoneSimulator.Deploy.0 = Debug|x86
		{48621F32-F3BD-4A47-ADB8-1CBD1761E70D}.Debug|x64.ActiveCfg = Debug|x64
		{48621F32-F3BD-4A47-ADB8-1CBD1761E70D}.Debug|x64.Build.0 = Debug|x64
		{48621F32-F3BD-4A47-ADB8-1CBD1761E70D}.Debug|x64.Deploy.0 = Debug|x64
		{48621F32-F3BD-4A47-ADB8-1CBD1761E70D}.Debug|x86.ActiveCfg = Debug|x86
		{48621F32-F3BD-4A47-ADB8-1CBD1761E70D}.Debug|x86.Build.0 = Debug|x86
		{48621F32-F3BD-4A47-ADB8-1CBD1761E70D}.Debug|x86.Deploy.0 = Debug|x86
		{48621F32-F3BD-4A47-ADB8-1CBD1761E70D}.Release|Any CPU.ActiveCfg = Release|x86
		{48621F32-F3BD-4A47-ADB8-1CBD1761E70D}.Release|Any CPU.Build.0 = Release|x86
		{48621F32-F3BD-4A47-ADB8-1CBD1761E70D}.Release|Any CPU.Deploy.0 = Release|x86
		{48621F32-F3BD-4A47-ADB8-1CBD1761E70D}.Release|ARM.ActiveCfg = Release|ARM
		{48621F32-F3BD-4A47-ADB8-1CBD1761E70D}.Release|ARM.Build.0 = Release|ARM
		{48621F32-F3BD-4A47-ADB8-1CBD1761E70D}.Release|ARM.Deploy.0 = Release|ARM
		{48621F32-F3BD-4A47-ADB8-1CBD1761E70D}.Release|iPhone.ActiveCfg = Release|x86
		{48621F32-F3BD-4A47-ADB8-1CBD1761E70D}.Release|iPhone.Build.0 = Release|x86
		{48621F32-F3BD-4A47-ADB8-1CBD1761E70D}.Release|iPhone.Deploy.0 = Release|x86
		{48621F32-F3BD-4A47-ADB8-1CBD1761E70D}.Release|iPhoneSimulator.ActiveCfg = Release|x86
		{48621F32-F3BD-4A47-ADB8-1CBD1761E70D}.Release|iPhoneSimulator.Build.0 = Release|x86
		{48621F32-F3BD-4A47-ADB8-1CBD1761E70D}.Release|iPhoneSimulator.Deploy.0 = Release|x86
		{48621F32-F3BD-4A47-ADB8-1CBD1761E70D}.Release|x64.ActiveCfg = Release|x64
		{48621F32-F3BD-4A47-ADB8-1CBD1761E70D}.Release|x64.Build.0 = Release|x64
		{48621F32-F3BD-4A47-ADB8-1CBD1761E70D}.Release|x64.Deploy.0 = Release|x64
		{48621F32-F3BD-4A47-ADB8-1CBD1761E70D}.Release|x86.ActiveCfg = Release|x86
		{48621F32-F3BD-4A47-ADB8-1CBD1761E70D}.Release|x86.Build.0 = Release|x86
		{48621F32-F3BD-4A47-ADB8-1CBD1761E70D}.Release|x86.Deploy.0 = Release|x86
		{8F3D0A93-139A-4B14-A2E2-814CF771D77F}.Debug|Any CPU.ActiveCfg = Debug|Any CPU
		{8F3D0A93-139A-4B14-A2E2-814CF771D77F}.Debug|Any CPU.Build.0 = Debug|Any CPU
		{8F3D0A93-139A-4B14-A2E2-814CF771D77F}.Debug|Any CPU.Deploy.0 = Debug|Any CPU
		{8F3D0A93-139A-4B14-A2E2-814CF771D77F}.Debug|ARM.ActiveCfg = Debug|Any CPU
		{8F3D0A93-139A-4B14-A2E2-814CF771D77F}.Debug|ARM.Build.0 = Debug|Any CPU
		{8F3D0A93-139A-4B14-A2E2-814CF771D77F}.Debug|ARM.Deploy.0 = Debug|Any CPU
		{8F3D0A93-139A-4B14-A2E2-814CF771D77F}.Debug|iPhone.ActiveCfg = Debug|Any CPU
		{8F3D0A93-139A-4B14-A2E2-814CF771D77F}.Debug|iPhone.Build.0 = Debug|Any CPU
		{8F3D0A93-139A-4B14-A2E2-814CF771D77F}.Debug|iPhone.Deploy.0 = Debug|Any CPU
		{8F3D0A93-139A-4B14-A2E2-814CF771D77F}.Debug|iPhoneSimulator.ActiveCfg = Debug|Any CPU
		{8F3D0A93-139A-4B14-A2E2-814CF771D77F}.Debug|iPhoneSimulator.Build.0 = Debug|Any CPU
		{8F3D0A93-139A-4B14-A2E2-814CF771D77F}.Debug|iPhoneSimulator.Deploy.0 = Debug|Any CPU
		{8F3D0A93-139A-4B14-A2E2-814CF771D77F}.Debug|x64.ActiveCfg = Debug|Any CPU
		{8F3D0A93-139A-4B14-A2E2-814CF771D77F}.Debug|x64.Build.0 = Debug|Any CPU
		{8F3D0A93-139A-4B14-A2E2-814CF771D77F}.Debug|x64.Deploy.0 = Debug|Any CPU
		{8F3D0A93-139A-4B14-A2E2-814CF771D77F}.Debug|x86.ActiveCfg = Debug|Any CPU
		{8F3D0A93-139A-4B14-A2E2-814CF771D77F}.Debug|x86.Build.0 = Debug|Any CPU
		{8F3D0A93-139A-4B14-A2E2-814CF771D77F}.Debug|x86.Deploy.0 = Debug|Any CPU
		{8F3D0A93-139A-4B14-A2E2-814CF771D77F}.Release|Any CPU.ActiveCfg = Release|Any CPU
		{8F3D0A93-139A-4B14-A2E2-814CF771D77F}.Release|Any CPU.Build.0 = Release|Any CPU
		{8F3D0A93-139A-4B14-A2E2-814CF771D77F}.Release|Any CPU.Deploy.0 = Release|Any CPU
		{8F3D0A93-139A-4B14-A2E2-814CF771D77F}.Release|ARM.ActiveCfg = Release|Any CPU
		{8F3D0A93-139A-4B14-A2E2-814CF771D77F}.Release|ARM.Build.0 = Release|Any CPU
		{8F3D0A93-139A-4B14-A2E2-814CF771D77F}.Release|ARM.Deploy.0 = Release|Any CPU
		{8F3D0A93-139A-4B14-A2E2-814CF771D77F}.Release|iPhone.ActiveCfg = Release|Any CPU
		{8F3D0A93-139A-4B14-A2E2-814CF771D77F}.Release|iPhone.Build.0 = Release|Any CPU
		{8F3D0A93-139A-4B14-A2E2-814CF771D77F}.Release|iPhone.Deploy.0 = Release|Any CPU
		{8F3D0A93-139A-4B14-A2E2-814CF771D77F}.Release|iPhoneSimulator.ActiveCfg = Release|Any CPU
		{8F3D0A93-139A-4B14-A2E2-814CF771D77F}.Release|iPhoneSimulator.Build.0 = Release|Any CPU
		{8F3D0A93-139A-4B14-A2E2-814CF771D77F}.Release|iPhoneSimulator.Deploy.0 = Release|Any CPU
		{8F3D0A93-139A-4B14-A2E2-814CF771D77F}.Release|x64.ActiveCfg = Release|Any CPU
		{8F3D0A93-139A-4B14-A2E2-814CF771D77F}.Release|x64.Build.0 = Release|Any CPU
		{8F3D0A93-139A-4B14-A2E2-814CF771D77F}.Release|x64.Deploy.0 = Release|Any CPU
		{8F3D0A93-139A-4B14-A2E2-814CF771D77F}.Release|x86.ActiveCfg = Release|Any CPU
		{8F3D0A93-139A-4B14-A2E2-814CF771D77F}.Release|x86.Build.0 = Release|Any CPU
		{8F3D0A93-139A-4B14-A2E2-814CF771D77F}.Release|x86.Deploy.0 = Release|Any CPU
		{4B808EE6-5D80-45B7-8041-F42108F31389}.Debug|Any CPU.ActiveCfg = Debug|iPhoneSimulator
		{4B808EE6-5D80-45B7-8041-F42108F31389}.Debug|Any CPU.Build.0 = Debug|iPhoneSimulator
		{4B808EE6-5D80-45B7-8041-F42108F31389}.Debug|Any CPU.Deploy.0 = Debug|iPhoneSimulator
		{4B808EE6-5D80-45B7-8041-F42108F31389}.Debug|ARM.ActiveCfg = Debug|iPhone
		{4B808EE6-5D80-45B7-8041-F42108F31389}.Debug|ARM.Build.0 = Debug|iPhone
		{4B808EE6-5D80-45B7-8041-F42108F31389}.Debug|ARM.Deploy.0 = Debug|iPhone
		{4B808EE6-5D80-45B7-8041-F42108F31389}.Debug|iPhone.ActiveCfg = Debug|iPhone
		{4B808EE6-5D80-45B7-8041-F42108F31389}.Debug|iPhone.Build.0 = Debug|iPhone
		{4B808EE6-5D80-45B7-8041-F42108F31389}.Debug|iPhone.Deploy.0 = Debug|iPhone
		{4B808EE6-5D80-45B7-8041-F42108F31389}.Debug|iPhoneSimulator.ActiveCfg = Debug|iPhoneSimulator
		{4B808EE6-5D80-45B7-8041-F42108F31389}.Debug|iPhoneSimulator.Build.0 = Debug|iPhoneSimulator
		{4B808EE6-5D80-45B7-8041-F42108F31389}.Debug|iPhoneSimulator.Deploy.0 = Debug|iPhoneSimulator
		{4B808EE6-5D80-45B7-8041-F42108F31389}.Debug|x64.ActiveCfg = Debug|iPhoneSimulator
		{4B808EE6-5D80-45B7-8041-F42108F31389}.Debug|x64.Build.0 = Debug|iPhoneSimulator
		{4B808EE6-5D80-45B7-8041-F42108F31389}.Debug|x64.Deploy.0 = Debug|iPhoneSimulator
		{4B808EE6-5D80-45B7-8041-F42108F31389}.Debug|x86.ActiveCfg = Debug|iPhoneSimulator
		{4B808EE6-5D80-45B7-8041-F42108F31389}.Debug|x86.Build.0 = Debug|iPhoneSimulator
		{4B808EE6-5D80-45B7-8041-F42108F31389}.Debug|x86.Deploy.0 = Debug|iPhoneSimulator
		{4B808EE6-5D80-45B7-8041-F42108F31389}.Release|Any CPU.ActiveCfg = Release|iPhoneSimulator
		{4B808EE6-5D80-45B7-8041-F42108F31389}.Release|Any CPU.Build.0 = Release|iPhoneSimulator
		{4B808EE6-5D80-45B7-8041-F42108F31389}.Release|Any CPU.Deploy.0 = Release|iPhoneSimulator
		{4B808EE6-5D80-45B7-8041-F42108F31389}.Release|ARM.ActiveCfg = Release|iPhoneSimulator
		{4B808EE6-5D80-45B7-8041-F42108F31389}.Release|ARM.Build.0 = Release|iPhoneSimulator
		{4B808EE6-5D80-45B7-8041-F42108F31389}.Release|ARM.Deploy.0 = Release|iPhoneSimulator
		{4B808EE6-5D80-45B7-8041-F42108F31389}.Release|iPhone.ActiveCfg = Release|iPhone
		{4B808EE6-5D80-45B7-8041-F42108F31389}.Release|iPhone.Build.0 = Release|iPhone
		{4B808EE6-5D80-45B7-8041-F42108F31389}.Release|iPhone.Deploy.0 = Release|iPhone
		{4B808EE6-5D80-45B7-8041-F42108F31389}.Release|iPhoneSimulator.ActiveCfg = Release|iPhoneSimulator
		{4B808EE6-5D80-45B7-8041-F42108F31389}.Release|iPhoneSimulator.Build.0 = Release|iPhoneSimulator
		{4B808EE6-5D80-45B7-8041-F42108F31389}.Release|iPhoneSimulator.Deploy.0 = Release|iPhoneSimulator
		{4B808EE6-5D80-45B7-8041-F42108F31389}.Release|x64.ActiveCfg = Release|iPhoneSimulator
		{4B808EE6-5D80-45B7-8041-F42108F31389}.Release|x64.Build.0 = Release|iPhoneSimulator
		{4B808EE6-5D80-45B7-8041-F42108F31389}.Release|x64.Deploy.0 = Release|iPhoneSimulator
		{4B808EE6-5D80-45B7-8041-F42108F31389}.Release|x86.ActiveCfg = Release|iPhoneSimulator
		{4B808EE6-5D80-45B7-8041-F42108F31389}.Release|x86.Build.0 = Release|iPhoneSimulator
		{4B808EE6-5D80-45B7-8041-F42108F31389}.Release|x86.Deploy.0 = Release|iPhoneSimulator
		{2514E84E-6370-4AEE-A902-579C578E986C}.Debug|Any CPU.ActiveCfg = Debug|Any CPU
		{2514E84E-6370-4AEE-A902-579C578E986C}.Debug|Any CPU.Build.0 = Debug|Any CPU
		{2514E84E-6370-4AEE-A902-579C578E986C}.Debug|Any CPU.Deploy.0 = Debug|Any CPU
		{2514E84E-6370-4AEE-A902-579C578E986C}.Debug|ARM.ActiveCfg = Debug|Any CPU
		{2514E84E-6370-4AEE-A902-579C578E986C}.Debug|ARM.Build.0 = Debug|Any CPU
		{2514E84E-6370-4AEE-A902-579C578E986C}.Debug|ARM.Deploy.0 = Debug|Any CPU
		{2514E84E-6370-4AEE-A902-579C578E986C}.Debug|iPhone.ActiveCfg = Debug|Any CPU
		{2514E84E-6370-4AEE-A902-579C578E986C}.Debug|iPhone.Build.0 = Debug|Any CPU
		{2514E84E-6370-4AEE-A902-579C578E986C}.Debug|iPhone.Deploy.0 = Debug|Any CPU
		{2514E84E-6370-4AEE-A902-579C578E986C}.Debug|iPhoneSimulator.ActiveCfg = Debug|Any CPU
		{2514E84E-6370-4AEE-A902-579C578E986C}.Debug|iPhoneSimulator.Build.0 = Debug|Any CPU
		{2514E84E-6370-4AEE-A902-579C578E986C}.Debug|iPhoneSimulator.Deploy.0 = Debug|Any CPU
		{2514E84E-6370-4AEE-A902-579C578E986C}.Debug|x64.ActiveCfg = Debug|Any CPU
		{2514E84E-6370-4AEE-A902-579C578E986C}.Debug|x64.Build.0 = Debug|Any CPU
		{2514E84E-6370-4AEE-A902-579C578E986C}.Debug|x64.Deploy.0 = Debug|Any CPU
		{2514E84E-6370-4AEE-A902-579C578E986C}.Debug|x86.ActiveCfg = Debug|Any CPU
		{2514E84E-6370-4AEE-A902-579C578E986C}.Debug|x86.Build.0 = Debug|Any CPU
		{2514E84E-6370-4AEE-A902-579C578E986C}.Debug|x86.Deploy.0 = Debug|Any CPU
		{2514E84E-6370-4AEE-A902-579C578E986C}.Release|Any CPU.ActiveCfg = Release|Any CPU
		{2514E84E-6370-4AEE-A902-579C578E986C}.Release|Any CPU.Build.0 = Release|Any CPU
		{2514E84E-6370-4AEE-A902-579C578E986C}.Release|Any CPU.Deploy.0 = Release|Any CPU
		{2514E84E-6370-4AEE-A902-579C578E986C}.Release|ARM.ActiveCfg = Release|Any CPU
		{2514E84E-6370-4AEE-A902-579C578E986C}.Release|ARM.Build.0 = Release|Any CPU
		{2514E84E-6370-4AEE-A902-579C578E986C}.Release|ARM.Deploy.0 = Release|Any CPU
		{2514E84E-6370-4AEE-A902-579C578E986C}.Release|iPhone.ActiveCfg = Release|Any CPU
		{2514E84E-6370-4AEE-A902-579C578E986C}.Release|iPhone.Build.0 = Release|Any CPU
		{2514E84E-6370-4AEE-A902-579C578E986C}.Release|iPhone.Deploy.0 = Release|Any CPU
		{2514E84E-6370-4AEE-A902-579C578E986C}.Release|iPhoneSimulator.ActiveCfg = Release|Any CPU
		{2514E84E-6370-4AEE-A902-579C578E986C}.Release|iPhoneSimulator.Build.0 = Release|Any CPU
		{2514E84E-6370-4AEE-A902-579C578E986C}.Release|iPhoneSimulator.Deploy.0 = Release|Any CPU
		{2514E84E-6370-4AEE-A902-579C578E986C}.Release|x64.ActiveCfg = Release|Any CPU
		{2514E84E-6370-4AEE-A902-579C578E986C}.Release|x64.Build.0 = Release|Any CPU
		{2514E84E-6370-4AEE-A902-579C578E986C}.Release|x64.Deploy.0 = Release|Any CPU
		{2514E84E-6370-4AEE-A902-579C578E986C}.Release|x86.ActiveCfg = Release|Any CPU
		{2514E84E-6370-4AEE-A902-579C578E986C}.Release|x86.Build.0 = Release|Any CPU
		{2514E84E-6370-4AEE-A902-579C578E986C}.Release|x86.Deploy.0 = Release|Any CPU
	EndGlobalSection
	GlobalSection(SolutionProperties) = preSolution
		HideSolutionNode = FALSE
	EndGlobalSection
	GlobalSection(ExtensibilityGlobals) = postSolution
		SolutionGuid = {D38D8A9E-941F-4BA9-8116-CCAB377C4F49}
	EndGlobalSection
EndGlobal
